
Microsoft Visual Studio Solution File, Format Version 12.00
# Visual Studio Version 18
VisualStudioVersion = 18.0.11018.127
MinimumVisualStudioVersion = 10.0.40219.1
Project("{2150E333-8FDC-42A3-9474-1A3956D46DE8}") = "Solution Items", "Solution Items", "{C727B4EB-7967-46A0-B553-6BD082563FCD}"
	ProjectSection(SolutionItems) = preProject
		.editorconfig = .editorconfig
	EndProjectSection
EndProject
Project("{FAE04EC0-301F-11D3-BF4B-00C04F79EFBC}") = "Kx.Plugin.Example", "Kx.Plugin.Example\Kx.Plugin.Example.csproj", "{5EC7CEF2-1EDA-F445-E81B-E34F5D899E43}"
EndProject
Project("{FAE04EC0-301F-11D3-BF4B-00C04F79EFBC}") = "Kx.Abstractions", "Kx.Abstractions\Kx.Abstractions.csproj", "{E8130B61-6D32-62C4-9AFE-6ABF4092B5EE}"
EndProject
Project("{FAE04EC0-301F-11D3-BF4B-00C04F79EFBC}") = "Kx", "Kx\Kx.csproj", "{881760AA-0EAA-A241-346D-B62CF504EA9E}"
EndProject
Project("{FAE04EC0-301F-11D3-BF4B-00C04F79EFBC}") = "Kx.Update.Builder", "Kx.Update.Builder\Kx.Update.Builder.csproj", "{2D010A05-9124-8C2C-F592-2C5FEBBA95AE}"
EndProject
Global
	GlobalSection(SolutionConfigurationPlatforms) = preSolution
		Debug|x64 = Debug|x64
		Release|x64 = Release|x64
	EndGlobalSection
	GlobalSection(ProjectConfigurationPlatforms) = postSolution
		{5EC7CEF2-1EDA-F445-E81B-E34F5D899E43}.Debug|x64.ActiveCfg = Debug|x64
		{5EC7CEF2-1EDA-F445-E81B-E34F5D899E43}.Debug|x64.Build.0 = Debug|x64
		{5EC7CEF2-1EDA-F445-E81B-E34F5D899E43}.Release|x64.ActiveCfg = Release|x64
		{5EC7CEF2-1EDA-F445-E81B-E34F5D899E43}.Release|x64.Build.0 = Release|x64
		{E8130B61-6D32-62C4-9AFE-6ABF4092B5EE}.Debug|x64.ActiveCfg = Debug|x64
		{E8130B61-6D32-62C4-9AFE-6ABF4092B5EE}.Debug|x64.Build.0 = Debug|x64
		{E8130B61-6D32-62C4-9AFE-6ABF4092B5EE}.Release|x64.ActiveCfg = Release|x64
		{E8130B61-6D32-62C4-9AFE-6ABF4092B5EE}.Release|x64.Build.0 = Release|x64
		{881760AA-0EAA-A241-346D-B62CF504EA9E}.Debug|x64.ActiveCfg = Debug|x64
		{881760AA-0EAA-A241-346D-B62CF504EA9E}.Debug|x64.Build.0 = Debug|x64
		{881760AA-0EAA-A241-346D-B62CF504EA9E}.Release|x64.ActiveCfg = Release|x64
		{881760AA-0EAA-A241-346D-B62CF504EA9E}.Release|x64.Build.0 = Release|x64
		{2D010A05-9124-8C2C-F592-2C5FEBBA95AE}.Debug|x64.ActiveCfg = Debug|x64
		{2D010A05-9124-8C2C-F592-2C5FEBBA95AE}.Debug|x64.Build.0 = Debug|x64
		{2D010A05-9124-8C2C-F592-2C5FEBBA95AE}.Release|x64.ActiveCfg = Release|x64
		{2D010A05-9124-8C2C-F592-2C5FEBBA95AE}.Release|x64.Build.0 = Release|x64
	EndGlobalSection
	GlobalSection(SolutionProperties) = preSolution
		HideSolutionNode = FALSE
	EndGlobalSection
	GlobalSection(ExtensibilityGlobals) = postSolution
		SolutionGuid = {AF77C094-9F76-49E7-94D1-909464E050A5}
	EndGlobalSection
EndGlobal
