
Microsoft Visual Studio Solution File, Format Version 12.00
# Visual Studio Version 18
VisualStudioVersion = 18.0.11018.127
MinimumVisualStudioVersion = 10.0.40219.1
Project("{FAE04EC0-301F-11D3-BF4B-00C04F79EFBC}") = "KUpdater", "KUpdater\KUpdater.csproj", "{D466A973-2EE2-42F2-889D-CB6E6E2C0084}"
EndProject
Project("{FAE04EC0-301F-11D3-BF4B-00C04F79EFBC}") = "UpdateBuilder", "UpdateBuilder\UpdateBuilder.csproj", "{10DECC93-B6E3-4984-B65D-907CDF00594B}"
EndProject
Project("{2150E333-8FDC-42A3-9474-1A3956D46DE8}") = "Solution Items", "Solution Items", "{C727B4EB-7967-46A0-B553-6BD082563FCD}"
	ProjectSection(SolutionItems) = preProject
		.editorconfig = .editorconfig
	EndProjectSection
EndProject
Project("{FAE04EC0-301F-11D3-BF4B-00C04F79EFBC}") = "KUpdater.Abstractions", "KUpdater.Abstractions\KUpdater.Abstractions.csproj", "{95D10BD7-5C2A-4247-A3B3-7DCE7903C4AB}"
EndProject
Project("{FAE04EC0-301F-11D3-BF4B-00C04F79EFBC}") = "KUpdater.UI.CSharp", "KUpdater.Ui.CSharp\KUpdater.UI.CSharp.csproj", "{AF89ADB2-E5C0-4936-84F2-CA048B33EB56}"
EndProject
Global
	GlobalSection(SolutionConfigurationPlatforms) = preSolution
		Debug|Any CPU = Debug|Any CPU
		Release|Any CPU = Release|Any CPU
	EndGlobalSection
	GlobalSection(ProjectConfigurationPlatforms) = postSolution
		{D466A973-2EE2-42F2-889D-CB6E6E2C0084}.Debug|Any CPU.ActiveCfg = Debug|Any CPU
		{D466A973-2EE2-42F2-889D-CB6E6E2C0084}.Debug|Any CPU.Build.0 = Debug|Any CPU
		{D466A973-2EE2-42F2-889D-CB6E6E2C0084}.Release|Any CPU.ActiveCfg = Release|Any CPU
		{D466A973-2EE2-42F2-889D-CB6E6E2C0084}.Release|Any CPU.Build.0 = Release|Any CPU
		{10DECC93-B6E3-4984-B65D-907CDF00594B}.Debug|Any CPU.ActiveCfg = Debug|Any CPU
		{10DECC93-B6E3-4984-B65D-907CDF00594B}.Debug|Any CPU.Build.0 = Debug|Any CPU
		{10DECC93-B6E3-4984-B65D-907CDF00594B}.Release|Any CPU.ActiveCfg = Release|Any CPU
		{10DECC93-B6E3-4984-B65D-907CDF00594B}.Release|Any CPU.Build.0 = Release|Any CPU
		{95D10BD7-5C2A-4247-A3B3-7DCE7903C4AB}.Debug|Any CPU.ActiveCfg = Debug|Any CPU
		{95D10BD7-5C2A-4247-A3B3-7DCE7903C4AB}.Debug|Any CPU.Build.0 = Debug|Any CPU
		{95D10BD7-5C2A-4247-A3B3-7DCE7903C4AB}.Release|Any CPU.ActiveCfg = Release|Any CPU
		{95D10BD7-5C2A-4247-A3B3-7DCE7903C4AB}.Release|Any CPU.Build.0 = Release|Any CPU
		{AF89ADB2-E5C0-4936-84F2-CA048B33EB56}.Debug|Any CPU.ActiveCfg = Debug|Any CPU
		{AF89ADB2-E5C0-4936-84F2-CA048B33EB56}.Debug|Any CPU.Build.0 = Debug|Any CPU
		{AF89ADB2-E5C0-4936-84F2-CA048B33EB56}.Release|Any CPU.ActiveCfg = Release|Any CPU
		{AF89ADB2-E5C0-4936-84F2-CA048B33EB56}.Release|Any CPU.Build.0 = Release|Any CPU
	EndGlobalSection
	GlobalSection(SolutionProperties) = preSolution
		HideSolutionNode = FALSE
	EndGlobalSection
	GlobalSection(ExtensibilityGlobals) = postSolution
		SolutionGuid = {AF77C094-9F76-49E7-94D1-909464E050A5}
	EndGlobalSection
EndGlobal
