
Microsoft Visual Studio Solution File, Format Version 12.00
# Visual Studio Version 18
VisualStudioVersion = 18.0.11018.127
MinimumVisualStudioVersion = 10.0.40219.1
Project("{2150E333-8FDC-42A3-9474-1A3956D46DE8}") = "Solution Items", "Solution Items", "{C727B4EB-7967-46A0-B553-6BD082563FCD}"
	ProjectSection(SolutionItems) = preProject
		.editorconfig = .editorconfig
	EndProjectSection
EndProject
Project("{FAE04EC0-301F-11D3-BF4B-00C04F79EFBC}") = "Kx.Plugin.Example", "Kx.Plugin.Example\Kx.Plugin.Example.csproj", "{5EC7CEF2-1EDA-F445-E81B-E34F5D899E43}"
EndProject
Project("{FAE04EC0-301F-11D3-BF4B-00C04F79EFBC}") = "Kx", "Kx\Kx.csproj", "{881760AA-0EAA-A241-346D-B62CF504EA9E}"
EndProject
Project("{FAE04EC0-301F-11D3-BF4B-00C04F79EFBC}") = "Kx.Update.Builder", "Kx.Update.Builder\Kx.Update.Builder.csproj", "{2D010A05-9124-8C2C-F592-2C5FEBBA95AE}"
EndProject
Project("{FAE04EC0-301F-11D3-BF4B-00C04F79EFBC}") = "Kx.Update.App", "Kx.Update.App\Kx.Update.App.csproj", "{5A3635A1-4309-4113-90DD-8099A958D3B2}"
EndProject
Project("{FAE04EC0-301F-11D3-BF4B-00C04F79EFBC}") = "Kx.Sdk", "Kx.Sdk\Kx.Sdk.csproj", "{7847F4A8-8C28-1B88-749A-D2A0C631BDAC}"
EndProject
Global
	GlobalSection(SolutionConfigurationPlatforms) = preSolution
		Debug|Any CPU = Debug|Any CPU
		Release|Any CPU = Release|Any CPU
	EndGlobalSection
	GlobalSection(ProjectConfigurationPlatforms) = postSolution
		{5EC7CEF2-1EDA-F445-E81B-E34F5D899E43}.Debug|Any CPU.ActiveCfg = Debug|Any CPU
		{5EC7CEF2-1EDA-F445-E81B-E34F5D899E43}.Debug|Any CPU.Build.0 = Debug|Any CPU
		{5EC7CEF2-1EDA-F445-E81B-E34F5D899E43}.Release|Any CPU.ActiveCfg = Release|Any CPU
		{5EC7CEF2-1EDA-F445-E81B-E34F5D899E43}.Release|Any CPU.Build.0 = Release|Any CPU
		{881760AA-0EAA-A241-346D-B62CF504EA9E}.Debug|Any CPU.ActiveCfg = Debug|Any CPU
		{881760AA-0EAA-A241-346D-B62CF504EA9E}.Debug|Any CPU.Build.0 = Debug|Any CPU
		{881760AA-0EAA-A241-346D-B62CF504EA9E}.Release|Any CPU.ActiveCfg = Release|Any CPU
		{881760AA-0EAA-A241-346D-B62CF504EA9E}.Release|Any CPU.Build.0 = Release|Any CPU
		{2D010A05-9124-8C2C-F592-2C5FEBBA95AE}.Debug|Any CPU.ActiveCfg = Debug|Any CPU
		{2D010A05-9124-8C2C-F592-2C5FEBBA95AE}.Debug|Any CPU.Build.0 = Debug|Any CPU
		{2D010A05-9124-8C2C-F592-2C5FEBBA95AE}.Release|Any CPU.ActiveCfg = Release|Any CPU
		{2D010A05-9124-8C2C-F592-2C5FEBBA95AE}.Release|Any CPU.Build.0 = Release|Any CPU
		{5A3635A1-4309-4113-90DD-8099A958D3B2}.Debug|Any CPU.ActiveCfg = Debug|Any CPU
		{5A3635A1-4309-4113-90DD-8099A958D3B2}.Debug|Any CPU.Build.0 = Debug|Any CPU
		{5A3635A1-4309-4113-90DD-8099A958D3B2}.Release|Any CPU.ActiveCfg = Release|Any CPU
		{5A3635A1-4309-4113-90DD-8099A958D3B2}.Release|Any CPU.Build.0 = Release|Any CPU
		{7847F4A8-8C28-1B88-749A-D2A0C631BDAC}.Debug|Any CPU.ActiveCfg = Debug|Any CPU
		{7847F4A8-8C28-1B88-749A-D2A0C631BDAC}.Debug|Any CPU.Build.0 = Debug|Any CPU
		{7847F4A8-8C28-1B88-749A-D2A0C631BDAC}.Release|Any CPU.ActiveCfg = Release|Any CPU
		{7847F4A8-8C28-1B88-749A-D2A0C631BDAC}.Release|Any CPU.Build.0 = Release|Any CPU
	EndGlobalSection
	GlobalSection(SolutionProperties) = preSolution
		HideSolutionNode = FALSE
	EndGlobalSection
	GlobalSection(ExtensibilityGlobals) = postSolution
		SolutionGuid = {AF77C094-9F76-49E7-94D1-909464E050A5}
	EndGlobalSection
EndGlobal
